
Microsoft Visual Studio Solution File, Format Version 12.00
# Visual Studio 15
VisualStudioVersion = 15.0.28307.136
MinimumVisualStudioVersion = 10.0.40219.1
Project("{9A19103F-16F7-4668-BE54-9A1E7A4F7556}") = "WiMD.Server", "WiMD.Server\WiMD.Server.csproj", "{081A40E8-22A2-4B03-9039-3B91BABAC4D7}"
EndProject
Project("{9A19103F-16F7-4668-BE54-9A1E7A4F7556}") = "WiMD.Client", "WiMD.Client\WiMD.Client.csproj", "{3C598125-DD07-4659-A52B-C090478B4D14}"
EndProject
Project("{2150E333-8FDC-42A3-9474-1A3956D46DE8}") = "Authentication", "Authentication", "{B693B484-A910-4E57-B9D1-616161A437F1}"
EndProject
Project("{9A19103F-16F7-4668-BE54-9A1E7A4F7556}") = "WiMD.Authentication", "WiMD.Authentication\WiMD.Authentication.csproj", "{10EAC9D7-67F4-418B-8146-AAF704A1A5BE}"
EndProject
Project("{2150E333-8FDC-42A3-9474-1A3956D46DE8}") = "Hub", "Hub", "{0D311982-F6EE-4603-B2D5-C5ABA3BC9D29}"
EndProject
Project("{9A19103F-16F7-4668-BE54-9A1E7A4F7556}") = "WiMD.Hub", "WiMD.Hub\WiMD.Hub.csproj", "{3D1DCBCC-CB4F-4EDD-BE3B-1BFE79D03CB1}"
EndProject
Project("{2150E333-8FDC-42A3-9474-1A3956D46DE8}") = "Persistence", "Persistence", "{05666AEC-FC6B-4D1A-A32D-B63297966947}"
EndProject
Project("{FAE04EC0-301F-11D3-BF4B-00C04F79EFBC}") = "WiMD.Persistence", "WiMD.Persistence\WiMD.Persistence.csproj", "{8E69F358-F942-4A6E-80F8-FAD6169604C3}"
EndProject
Global
	GlobalSection(SolutionConfigurationPlatforms) = preSolution
		Debug|Any CPU = Debug|Any CPU
		Release|Any CPU = Release|Any CPU
	EndGlobalSection
	GlobalSection(ProjectConfigurationPlatforms) = postSolution
		{081A40E8-22A2-4B03-9039-3B91BABAC4D7}.Debug|Any CPU.ActiveCfg = Debug|Any CPU
		{081A40E8-22A2-4B03-9039-3B91BABAC4D7}.Debug|Any CPU.Build.0 = Debug|Any CPU
		{081A40E8-22A2-4B03-9039-3B91BABAC4D7}.Release|Any CPU.ActiveCfg = Release|Any CPU
		{081A40E8-22A2-4B03-9039-3B91BABAC4D7}.Release|Any CPU.Build.0 = Release|Any CPU
		{3C598125-DD07-4659-A52B-C090478B4D14}.Debug|Any CPU.ActiveCfg = Debug|Any CPU
		{3C598125-DD07-4659-A52B-C090478B4D14}.Debug|Any CPU.Build.0 = Debug|Any CPU
		{3C598125-DD07-4659-A52B-C090478B4D14}.Release|Any CPU.ActiveCfg = Release|Any CPU
		{3C598125-DD07-4659-A52B-C090478B4D14}.Release|Any CPU.Build.0 = Release|Any CPU
		{10EAC9D7-67F4-418B-8146-AAF704A1A5BE}.Debug|Any CPU.ActiveCfg = Debug|Any CPU
		{10EAC9D7-67F4-418B-8146-AAF704A1A5BE}.Debug|Any CPU.Build.0 = Debug|Any CPU
		{10EAC9D7-67F4-418B-8146-AAF704A1A5BE}.Release|Any CPU.ActiveCfg = Release|Any CPU
		{10EAC9D7-67F4-418B-8146-AAF704A1A5BE}.Release|Any CPU.Build.0 = Release|Any CPU
		{3D1DCBCC-CB4F-4EDD-BE3B-1BFE79D03CB1}.Debug|Any CPU.ActiveCfg = Debug|Any CPU
		{3D1DCBCC-CB4F-4EDD-BE3B-1BFE79D03CB1}.Debug|Any CPU.Build.0 = Debug|Any CPU
		{3D1DCBCC-CB4F-4EDD-BE3B-1BFE79D03CB1}.Release|Any CPU.ActiveCfg = Release|Any CPU
		{3D1DCBCC-CB4F-4EDD-BE3B-1BFE79D03CB1}.Release|Any CPU.Build.0 = Release|Any CPU
		{8E69F358-F942-4A6E-80F8-FAD6169604C3}.Debug|Any CPU.ActiveCfg = Debug|Any CPU
		{8E69F358-F942-4A6E-80F8-FAD6169604C3}.Debug|Any CPU.Build.0 = Debug|Any CPU
		{8E69F358-F942-4A6E-80F8-FAD6169604C3}.Release|Any CPU.ActiveCfg = Release|Any CPU
		{8E69F358-F942-4A6E-80F8-FAD6169604C3}.Release|Any CPU.Build.0 = Release|Any CPU
	EndGlobalSection
	GlobalSection(SolutionProperties) = preSolution
		HideSolutionNode = FALSE
	EndGlobalSection
	GlobalSection(NestedProjects) = preSolution
		{10EAC9D7-67F4-418B-8146-AAF704A1A5BE} = {B693B484-A910-4E57-B9D1-616161A437F1}
		{3D1DCBCC-CB4F-4EDD-BE3B-1BFE79D03CB1} = {0D311982-F6EE-4603-B2D5-C5ABA3BC9D29}
		{8E69F358-F942-4A6E-80F8-FAD6169604C3} = {05666AEC-FC6B-4D1A-A32D-B63297966947}
	EndGlobalSection
	GlobalSection(ExtensibilityGlobals) = postSolution
		SolutionGuid = {9EBC8261-CB95-47C2-BFDF-1186CD4FC273}
	EndGlobalSection
EndGlobal
