
Microsoft Visual Studio Solution File, Format Version 12.00
# Visual Studio 15
VisualStudioVersion = 15.0.28307.136
MinimumVisualStudioVersion = 10.0.40219.1
Project("{9A19103F-16F7-4668-BE54-9A1E7A4F7556}") = "WiMD.Server", "WiMD.Server\WiMD.Server.csproj", "{081A40E8-22A2-4B03-9039-3B91BABAC4D7}"
EndProject
Project("{9A19103F-16F7-4668-BE54-9A1E7A4F7556}") = "WiMD.Client", "WiMD.Client\WiMD.Client.csproj", "{3C598125-DD07-4659-A52B-C090478B4D14}"
EndProject
Project("{2150E333-8FDC-42A3-9474-1A3956D46DE8}") = "Persistence", "Persistence", "{05666AEC-FC6B-4D1A-A32D-B63297966947}"
EndProject
Project("{9A19103F-16F7-4668-BE54-9A1E7A4F7556}") = "WiMD.Persistence", "WiMD.Persistence\WiMD.Persistence.csproj", "{8E69F358-F942-4A6E-80F8-FAD6169604C3}"
EndProject
Project("{2150E333-8FDC-42A3-9474-1A3956D46DE8}") = "IdentityAccessContext", "IdentityAccessContext", "{F22D6639-62A7-4145-9D84-1B6AF7A260F9}"
EndProject
Project("{FAE04EC0-301F-11D3-BF4B-00C04F79EFBC}") = "WiMD.IdentityAccess", "WiMD.IdentityAccess\WiMD.IdentityAccess.csproj", "{A7822955-75E8-477A-A1FC-75E23F7DD9F1}"
EndProject
Project("{FAE04EC0-301F-11D3-BF4B-00C04F79EFBC}") = "WiMD.Common", "WiMD.Common\WiMD.Common.csproj", "{7929E343-963C-494B-93CA-E629F839B23D}"
EndProject
Project("{2150E333-8FDC-42A3-9474-1A3956D46DE8}") = "Common", "Common", "{DFC3FAC0-D464-4186-A22E-3E499043C8F6}"
EndProject
Project("{2150E333-8FDC-42A3-9474-1A3956D46DE8}") = "GeolocationContext", "GeolocationContext", "{39F3058D-D5E4-4750-9996-D454D0B55019}"
EndProject
Project("{FAE04EC0-301F-11D3-BF4B-00C04F79EFBC}") = "WiMD.GeolocationContext", "WiMD.GeolocationContext\WiMD.GeolocationContext.csproj", "{29D766B9-2EA3-4E74-AB74-8C7AF047FDBE}"
EndProject
Global
	GlobalSection(SolutionConfigurationPlatforms) = preSolution
		Debug|Any CPU = Debug|Any CPU
		Release|Any CPU = Release|Any CPU
	EndGlobalSection
	GlobalSection(ProjectConfigurationPlatforms) = postSolution
		{081A40E8-22A2-4B03-9039-3B91BABAC4D7}.Debug|Any CPU.ActiveCfg = Debug|Any CPU
		{081A40E8-22A2-4B03-9039-3B91BABAC4D7}.Debug|Any CPU.Build.0 = Debug|Any CPU
		{081A40E8-22A2-4B03-9039-3B91BABAC4D7}.Release|Any CPU.ActiveCfg = Release|Any CPU
		{081A40E8-22A2-4B03-9039-3B91BABAC4D7}.Release|Any CPU.Build.0 = Release|Any CPU
		{3C598125-DD07-4659-A52B-C090478B4D14}.Debug|Any CPU.ActiveCfg = Debug|Any CPU
		{3C598125-DD07-4659-A52B-C090478B4D14}.Debug|Any CPU.Build.0 = Debug|Any CPU
		{3C598125-DD07-4659-A52B-C090478B4D14}.Release|Any CPU.ActiveCfg = Release|Any CPU
		{3C598125-DD07-4659-A52B-C090478B4D14}.Release|Any CPU.Build.0 = Release|Any CPU
		{8E69F358-F942-4A6E-80F8-FAD6169604C3}.Debug|Any CPU.ActiveCfg = Debug|Any CPU
		{8E69F358-F942-4A6E-80F8-FAD6169604C3}.Debug|Any CPU.Build.0 = Debug|Any CPU
		{8E69F358-F942-4A6E-80F8-FAD6169604C3}.Release|Any CPU.ActiveCfg = Release|Any CPU
		{8E69F358-F942-4A6E-80F8-FAD6169604C3}.Release|Any CPU.Build.0 = Release|Any CPU
		{A7822955-75E8-477A-A1FC-75E23F7DD9F1}.Debug|Any CPU.ActiveCfg = Debug|Any CPU
		{A7822955-75E8-477A-A1FC-75E23F7DD9F1}.Debug|Any CPU.Build.0 = Debug|Any CPU
		{A7822955-75E8-477A-A1FC-75E23F7DD9F1}.Release|Any CPU.ActiveCfg = Release|Any CPU
		{A7822955-75E8-477A-A1FC-75E23F7DD9F1}.Release|Any CPU.Build.0 = Release|Any CPU
		{7929E343-963C-494B-93CA-E629F839B23D}.Debug|Any CPU.ActiveCfg = Debug|Any CPU
		{7929E343-963C-494B-93CA-E629F839B23D}.Debug|Any CPU.Build.0 = Debug|Any CPU
		{7929E343-963C-494B-93CA-E629F839B23D}.Release|Any CPU.ActiveCfg = Release|Any CPU
		{7929E343-963C-494B-93CA-E629F839B23D}.Release|Any CPU.Build.0 = Release|Any CPU
		{29D766B9-2EA3-4E74-AB74-8C7AF047FDBE}.Debug|Any CPU.ActiveCfg = Debug|Any CPU
		{29D766B9-2EA3-4E74-AB74-8C7AF047FDBE}.Debug|Any CPU.Build.0 = Debug|Any CPU
		{29D766B9-2EA3-4E74-AB74-8C7AF047FDBE}.Release|Any CPU.ActiveCfg = Release|Any CPU
		{29D766B9-2EA3-4E74-AB74-8C7AF047FDBE}.Release|Any CPU.Build.0 = Release|Any CPU
	EndGlobalSection
	GlobalSection(SolutionProperties) = preSolution
		HideSolutionNode = FALSE
	EndGlobalSection
	GlobalSection(NestedProjects) = preSolution
		{8E69F358-F942-4A6E-80F8-FAD6169604C3} = {05666AEC-FC6B-4D1A-A32D-B63297966947}
		{A7822955-75E8-477A-A1FC-75E23F7DD9F1} = {F22D6639-62A7-4145-9D84-1B6AF7A260F9}
		{7929E343-963C-494B-93CA-E629F839B23D} = {DFC3FAC0-D464-4186-A22E-3E499043C8F6}
		{29D766B9-2EA3-4E74-AB74-8C7AF047FDBE} = {39F3058D-D5E4-4750-9996-D454D0B55019}
	EndGlobalSection
	GlobalSection(ExtensibilityGlobals) = postSolution
		SolutionGuid = {9EBC8261-CB95-47C2-BFDF-1186CD4FC273}
	EndGlobalSection
EndGlobal
